
Microsoft Visual Studio Solution File, Format Version 12.00
# Visual Studio 15
VisualStudioVersion = 15.0.27130.2036
MinimumVisualStudioVersion = 10.0.40219.1
Project("{FAE04EC0-301F-11D3-BF4B-00C04F79EFBC}") = "EasyBuy", "EasyBuy\EasyBuy.csproj", "{89C292B4-63B9-44D2-85BB-D35D09BC588B}"
EndProject
Global
	GlobalSection(SolutionConfigurationPlatforms) = preSolution
		Debug|Any CPU = Debug|Any CPU
		Release|Any CPU = Release|Any CPU
	EndGlobalSection
	GlobalSection(ProjectConfigurationPlatforms) = postSolution
		{89C292B4-63B9-44D2-85BB-D35D09BC588B}.Debug|Any CPU.ActiveCfg = Debug|Any CPU
		{89C292B4-63B9-44D2-85BB-D35D09BC588B}.Debug|Any CPU.Build.0 = Debug|Any CPU
		{89C292B4-63B9-44D2-85BB-D35D09BC588B}.Release|Any CPU.ActiveCfg = Release|Any CPU
		{89C292B4-63B9-44D2-85BB-D35D09BC588B}.Release|Any CPU.Build.0 = Release|Any CPU
	EndGlobalSection
	GlobalSection(SolutionProperties) = preSolution
		HideSolutionNode = FALSE
	EndGlobalSection
	GlobalSection(ExtensibilityGlobals) = postSolution
		SolutionGuid = {FA1DE8E9-80E1-4AEC-9DB0-DDBFB9B088B3}
	EndGlobalSection
EndGlobal
